
Microsoft Visual Studio Solution File, Format Version 12.00
# Visual Studio 15
VisualStudioVersion = 15.0.28307.1259
MinimumVisualStudioVersion = 10.0.40219.1
Project("{8BC9CEB8-8B4A-11D0-8D11-00A0C91BC942}") = "gacplus", "gacplus\gacplus.vcxproj", "{E13C2BEA-3ACA-4521-8492-475156E75A99}"
EndProject
Global
	GlobalSection(SolutionConfigurationPlatforms) = preSolution
		Debug|x64 = Debug|x64
		Debug|x86 = Debug|x86
		Release|x64 = Release|x64
		Release|x86 = Release|x86
	EndGlobalSection
	GlobalSection(ProjectConfigurationPlatforms) = postSolution
		{E13C2BEA-3ACA-4521-8492-475156E75A99}.Debug|x64.ActiveCfg = Debug|x64
		{E13C2BEA-3ACA-4521-8492-475156E75A99}.Debug|x64.Build.0 = Debug|x64
		{E13C2BEA-3ACA-4521-8492-475156E75A99}.Debug|x86.ActiveCfg = Debug|Win32
		{E13C2BEA-3ACA-4521-8492-475156E75A99}.Debug|x86.Build.0 = Debug|Win32
		{E13C2BEA-3ACA-4521-8492-475156E75A99}.Release|x64.ActiveCfg = Release|x64
		{E13C2BEA-3ACA-4521-8492-475156E75A99}.Release|x64.Build.0 = Release|x64
		{E13C2BEA-3ACA-4521-8492-475156E75A99}.Release|x86.ActiveCfg = Release|Win32
		{E13C2BEA-3ACA-4521-8492-475156E75A99}.Release|x86.Build.0 = Release|Win32
	EndGlobalSection
	GlobalSection(SolutionProperties) = preSolution
		HideSolutionNode = FALSE
	EndGlobalSection
	GlobalSection(ExtensibilityGlobals) = postSolution
		SolutionGuid = {A42891C4-15DA-4C16-8DB3-28AB60AF761D}
	EndGlobalSection
EndGlobal
